dependencies:
  UncleRus/esp_idf_lib_helpers:
    component_hash: 798b1a6294af807374e9de099905af9a9b779a27068437c2912a7232b87dc6ac
    dependencies: []
    source:
      git: https://github.com/UncleRus/esp-idf-lib.git
      path: components/esp_idf_lib_helpers/
      type: git
    version: a02cd6bb5190cab379125140780adcb8d88f9650
  UncleRus/hd44780:
    component_hash: 3444115f226855c65546d93fd24cf86ad7f4e8158a81bfc0a238a7ced06d77d7
    dependencies: []
    source:
      git: https://github.com/UncleRus/esp-idf-lib.git
      path: components/hd44780/
      type: git
    version: a02cd6bb5190cab379125140780adcb8d88f9650
  idf:
    source:
      type: idf
    version: 5.4.1
direct_dependencies:
- UncleRus/esp_idf_lib_helpers
- UncleRus/hd44780
- idf
manifest_hash: 80a4279db90238f33d18570576558dd5b8d35ddace8e4d98434c75765cb688ff
target: esp32
version: 2.0.0
